
Microsoft Visual Studio Solution File, Format Version 12.00
# Visual Studio Version 17
VisualStudioVersion = 17.10.34928.147
MinimumVisualStudioVersion = 10.0.40219.1
Project("{00D1A9C2-B5F0-4AF3-8072-F6C62B433612}") = "UsersDatabase", "UsersDatabase\UsersDatabase.sqlproj", "{365E20E3-40DD-48C9-9E3A-D1534F64C3D3}"
EndProject
Project("{2150E333-8FDC-42A3-9474-1A3956D46DE8}") = "Solution Items", "Solution Items", "{3A1EEC17-56F3-4996-A4F4-C5ED01B1775F}"
	ProjectSection(SolutionItems) = preProject
		ReadMe.md = ReadMe.md
	EndProjectSection
EndProject
Project("{E53339B2-1760-4266-BCC7-CA923CBCF16C}") = "docker-compose", "docker-compose.dcproj", "{FB93FD0C-F130-4AEA-B988-70357C954379}"
EndProject
Project("{9A19103F-16F7-4668-BE54-9A1E7A4F7556}") = "UsersService", "UsersService\UsersService.csproj", "{C172F871-5947-43BE-869D-68C4D8279124}"
EndProject
Project("{FAE04EC0-301F-11D3-BF4B-00C04F79EFBC}") = "BillingService", "BillingService\BillingService.csproj", "{1784B69B-946F-4576-942E-1D802040CDEC}"
EndProject
Project("{FAE04EC0-301F-11D3-BF4B-00C04F79EFBC}") = "CoreLogic", "..\CoreLogic\CoreLogic.csproj", "{7BD9B70A-050B-41D5-AA91-8FDE7C6212A3}"
EndProject
Global
	GlobalSection(SolutionConfigurationPlatforms) = preSolution
		Debug|Any CPU = Debug|Any CPU
		Release|Any CPU = Release|Any CPU
	EndGlobalSection
	GlobalSection(ProjectConfigurationPlatforms) = postSolution
		{365E20E3-40DD-48C9-9E3A-D1534F64C3D3}.Debug|Any CPU.ActiveCfg = Debug|Any CPU
		{365E20E3-40DD-48C9-9E3A-D1534F64C3D3}.Debug|Any CPU.Build.0 = Debug|Any CPU
		{365E20E3-40DD-48C9-9E3A-D1534F64C3D3}.Debug|Any CPU.Deploy.0 = Debug|Any CPU
		{365E20E3-40DD-48C9-9E3A-D1534F64C3D3}.Release|Any CPU.ActiveCfg = Release|Any CPU
		{365E20E3-40DD-48C9-9E3A-D1534F64C3D3}.Release|Any CPU.Build.0 = Release|Any CPU
		{365E20E3-40DD-48C9-9E3A-D1534F64C3D3}.Release|Any CPU.Deploy.0 = Release|Any CPU
		{FB93FD0C-F130-4AEA-B988-70357C954379}.Debug|Any CPU.ActiveCfg = Debug|Any CPU
		{FB93FD0C-F130-4AEA-B988-70357C954379}.Debug|Any CPU.Build.0 = Debug|Any CPU
		{FB93FD0C-F130-4AEA-B988-70357C954379}.Release|Any CPU.ActiveCfg = Release|Any CPU
		{FB93FD0C-F130-4AEA-B988-70357C954379}.Release|Any CPU.Build.0 = Release|Any CPU
		{C172F871-5947-43BE-869D-68C4D8279124}.Debug|Any CPU.ActiveCfg = Debug|Any CPU
		{C172F871-5947-43BE-869D-68C4D8279124}.Debug|Any CPU.Build.0 = Debug|Any CPU
		{C172F871-5947-43BE-869D-68C4D8279124}.Release|Any CPU.ActiveCfg = Release|Any CPU
		{C172F871-5947-43BE-869D-68C4D8279124}.Release|Any CPU.Build.0 = Release|Any CPU
		{1784B69B-946F-4576-942E-1D802040CDEC}.Debug|Any CPU.ActiveCfg = Debug|Any CPU
		{1784B69B-946F-4576-942E-1D802040CDEC}.Debug|Any CPU.Build.0 = Debug|Any CPU
		{1784B69B-946F-4576-942E-1D802040CDEC}.Release|Any CPU.ActiveCfg = Release|Any CPU
		{1784B69B-946F-4576-942E-1D802040CDEC}.Release|Any CPU.Build.0 = Release|Any CPU
		{7BD9B70A-050B-41D5-AA91-8FDE7C6212A3}.Debug|Any CPU.ActiveCfg = Debug|Any CPU
		{7BD9B70A-050B-41D5-AA91-8FDE7C6212A3}.Debug|Any CPU.Build.0 = Debug|Any CPU
		{7BD9B70A-050B-41D5-AA91-8FDE7C6212A3}.Release|Any CPU.ActiveCfg = Release|Any CPU
		{7BD9B70A-050B-41D5-AA91-8FDE7C6212A3}.Release|Any CPU.Build.0 = Release|Any CPU
	EndGlobalSection
	GlobalSection(SolutionProperties) = preSolution
		HideSolutionNode = FALSE
	EndGlobalSection
	GlobalSection(ExtensibilityGlobals) = postSolution
		SolutionGuid = {62801911-1F6F-458E-8ED7-61BB706C1915}
	EndGlobalSection
EndGlobal
